{
  "nodes": {
    "crane": {
      "inputs": {
        "flake-compat": "flake-compat",
        "flake-utils": [
          "prisma-engines",
          "flake-utils"
        ],
        "nixpkgs": [
          "prisma-engines",
          "nixpkgs"
        ],
        "rust-overlay": [
          "prisma-engines",
          "rust-overlay"
        ]
      },
      "locked": {
        "lastModified": 1673405853,
        "narHash": "sha256-6Nq9DuOo+gE2I8z5UZaKuumykz2xxZ9JGYmUthOuwSA=",
        "owner": "ipetkov",
        "repo": "crane",
        "rev": "b13963c8c18026aa694acd98d14f66d24666f70b",
        "type": "github"
      },
      "original": {
        "owner": "ipetkov",
        "repo": "crane",
        "type": "github"
      }
    },
    "devshell": {
      "inputs": {
        "flake-utils": [
          "flake-utils"
        ],
        "nixpkgs": [
          "nixpkgs"
        ]
      },
      "locked": {
        "lastModified": 1677439153,
        "narHash": "sha256-MB+q1TN3KKwYBm0hrPHtWo3iy6jg6AQi7u9mMiUDtrs=",
        "owner": "numtide",
        "repo": "devshell",
        "rev": "ace1138005c355c84806bbc66f3b7e6a31ecde52",
        "type": "github"
      },
      "original": {
        "owner": "numtide",
        "repo": "devshell",
        "type": "github"
      }
    },
    "flake-compat": {
      "flake": false,
      "locked": {
        "lastModified": 1668681692,
        "narHash": "sha256-Ht91NGdewz8IQLtWZ9LCeNXMSXHUss+9COoqu6JLmXU=",
        "owner": "edolstra",
        "repo": "flake-compat",
        "rev": "009399224d5e398d03b22badca40a37ac85412a1",
        "type": "github"
      },
      "original": {
        "owner": "edolstra",
        "repo": "flake-compat",
        "type": "github"
      }
    },
    "flake-parts": {
      "inputs": {
        "nixpkgs-lib": [
          "prisma-engines",
          "nixpkgs"
        ]
      },
      "locked": {
        "lastModified": 1673362319,
        "narHash": "sha256-Pjp45Vnj7S/b3BRpZEVfdu8sqqA6nvVjvYu59okhOyI=",
        "owner": "hercules-ci",
        "repo": "flake-parts",
        "rev": "82c16f1682cf50c01cb0280b38a1eed202b3fe9f",
        "type": "github"
      },
      "original": {
        "owner": "hercules-ci",
        "repo": "flake-parts",
        "type": "github"
      }
    },
    "flake-utils": {
      "locked": {
        "lastModified": 1676283394,
        "narHash": "sha256-XX2f9c3iySLCw54rJ/CZs+ZK6IQy7GXNY4nSOyu2QG4=",
        "owner": "numtide",
        "repo": "flake-utils",
        "rev": "3db36a8b464d0c4532ba1c7dda728f4576d6d073",
        "type": "github"
      },
      "original": {
        "owner": "numtide",
        "repo": "flake-utils",
        "type": "github"
      }
    },
    "gitignore": {
      "inputs": {
        "nixpkgs": [
          "prisma-engines",
          "nixpkgs"
        ]
      },
      "locked": {
        "lastModified": 1660459072,
        "narHash": "sha256-8DFJjXG8zqoONA1vXtgeKXy68KdJL5UaXR8NtVMUbx8=",
        "owner": "hercules-ci",
        "repo": "gitignore.nix",
        "rev": "a20de23b925fd8264fd7fad6454652e142fd7f73",
        "type": "github"
      },
      "original": {
        "owner": "hercules-ci",
        "repo": "gitignore.nix",
        "type": "github"
      }
    },
    "nixpkgs": {
      "locked": {
        "lastModified": 1677342105,
        "narHash": "sha256-kv1fpkfCJGb0M+LZaCHFUuIS9kRIwyVgupHu86Y28nc=",
        "owner": "NixOS",
        "repo": "nixpkgs",
        "rev": "b1f87ca164a9684404c8829b851c3586c4d9f089",
        "type": "github"
      },
      "original": {
        "owner": "NixOS",
        "ref": "nixos-unstable",
        "repo": "nixpkgs",
        "type": "github"
      }
    },
    "prisma-engines": {
      "inputs": {
        "crane": "crane",
        "flake-parts": "flake-parts",
        "flake-utils": [
          "flake-utils"
        ],
        "gitignore": "gitignore",
        "nixpkgs": [
          "nixpkgs"
        ],
        "rust-overlay": "rust-overlay"
      },
      "locked": {
        "lastModified": 1675947761,
        "narHash": "sha256-TFLwpKh+FsstcpvBfTw7CNcQOGGSNI9qf8WJ6v75uL8=",
        "owner": "prisma",
        "repo": "prisma-engines",
        "rev": "aead147aa326ccb985dcfed5b065b4fdabd44b19",
        "type": "github"
      },
      "original": {
        "owner": "prisma",
        "ref": "4.10.1",
        "repo": "prisma-engines",
        "type": "github"
      }
    },
    "root": {
      "inputs": {
        "devshell": "devshell",
        "flake-utils": "flake-utils",
        "nixpkgs": "nixpkgs",
        "prisma-engines": "prisma-engines"
      }
    },
    "rust-overlay": {
      "inputs": {
        "flake-utils": [
          "prisma-engines",
          "flake-utils"
        ],
        "nixpkgs": [
          "prisma-engines",
          "nixpkgs"
        ]
      },
      "locked": {
        "lastModified": 1673404037,
        "narHash": "sha256-9yhRzFiqzVQaJN5jsAIwApDolkORRQ3EJi7D4yu58ig=",
        "owner": "oxalica",
        "repo": "rust-overlay",
        "rev": "a979c85ed4691bf996af88504522b32e9611ccfe",
        "type": "github"
      },
      "original": {
        "owner": "oxalica",
        "repo": "rust-overlay",
        "type": "github"
      }
    }
  },
  "root": "root",
  "version": 7
}
